PODS:
  - CocoaAsyncSocket (7.6.4)
  - CocoaMQTT (1.2.5):
    - CocoaAsyncSocket (~> 7.6.3)

DEPENDENCIES:
  - CocoaMQTT

SPEC REPOS:
  trunk:
    - CocoaAsyncSocket
    - CocoaMQTT

SPEC CHECKSUMS:
  CocoaAsyncSocket: 694058e7c0ed05a9e217d1b3c7ded962f4180845
  CocoaMQTT: a61490ed3b328011c5d75169a77781983e2bb221

PODFILE CHECKSUM: 59ac9829f18f873b66b4399914ebbac3ef05415e

COCOAPODS: 1.8.4
